
Microsoft Visual Studio Solution File, Format Version 12.00
# Visual Studio 14
VisualStudioVersion = 14.0.25123.0
MinimumVisualStudioVersion = 10.0.40219.1
Project("{8BC9CEB8-8B4A-11D0-8D11-00A0C91BC942}") = "geoUtils", "src\geoUtils\GeoUtils.vcxproj", "{0245CF58-0F32-4B65-B775-59B36A8A6445}"
EndProject
Project("{8BC9CEB8-8B4A-11D0-8D11-00A0C91BC942}") = "geoNet", "src\geoNet\geoNet.vcxproj", "{5A261238-81F4-4C96-8CA5-03087E1A3BF5}"
EndProject
Project("{8BC9CEB8-8B4A-11D0-8D11-00A0C91BC942}") = "geoVBus", "src\geoVBus\geoVBus.vcxproj", "{199F169E-B3D9-4C3B-9869-522BC1A0A82B}"
EndProject
Project("{8BC9CEB8-8B4A-11D0-8D11-00A0C91BC942}") = "geoXml", "src\geoXml\geoXml.vcxproj", "{4A1B1B40-24E6-48D1-9E49-285861830FC8}"
EndProject
Project("{8BC9CEB8-8B4A-11D0-8D11-00A0C91BC942}") = "geoZlib", "src\geoZlib\geoZlib.vcxproj", "{D97BE7E7-BA27-4412-8D8B-D19D378AA0FE}"
EndProject
Project("{8BC9CEB8-8B4A-11D0-8D11-00A0C91BC942}") = "geoUuid", "src\geoUuid\geoUuid.vcxproj", "{7812BA6B-9BA9-43AA-9BFC-106C91A702E1}"
EndProject
Project("{8BC9CEB8-8B4A-11D0-8D11-00A0C91BC942}") = "geoRecord", "src\geoRecord\geoRecord.vcxproj", "{72A69057-1D61-4647-B2D9-A422A4BA2DE8}"
EndProject
Global
	GlobalSection(SolutionConfigurationPlatforms) = preSolution
		Debug|ARM = Debug|ARM
		Debug|x64 = Debug|x64
		Debug|x86 = Debug|x86
		Release|ARM = Release|ARM
		Release|x64 = Release|x64
		Release|x86 = Release|x86
	EndGlobalSection
	GlobalSection(ProjectConfigurationPlatforms) = postSolution
		{0245CF58-0F32-4B65-B775-59B36A8A6445}.Debug|ARM.ActiveCfg = Debug|Win32
		{0245CF58-0F32-4B65-B775-59B36A8A6445}.Debug|x64.ActiveCfg = Debug|x64
		{0245CF58-0F32-4B65-B775-59B36A8A6445}.Debug|x64.Build.0 = Debug|x64
		{0245CF58-0F32-4B65-B775-59B36A8A6445}.Debug|x64.Deploy.0 = Debug|x64
		{0245CF58-0F32-4B65-B775-59B36A8A6445}.Debug|x86.ActiveCfg = Debug|Win32
		{0245CF58-0F32-4B65-B775-59B36A8A6445}.Debug|x86.Build.0 = Debug|Win32
		{0245CF58-0F32-4B65-B775-59B36A8A6445}.Debug|x86.Deploy.0 = Debug|Win32
		{0245CF58-0F32-4B65-B775-59B36A8A6445}.Release|ARM.ActiveCfg = Release|Win32
		{0245CF58-0F32-4B65-B775-59B36A8A6445}.Release|x64.ActiveCfg = Release|x64
		{0245CF58-0F32-4B65-B775-59B36A8A6445}.Release|x64.Build.0 = Release|x64
		{0245CF58-0F32-4B65-B775-59B36A8A6445}.Release|x64.Deploy.0 = Release|x64
		{0245CF58-0F32-4B65-B775-59B36A8A6445}.Release|x86.ActiveCfg = Release|Win32
		{0245CF58-0F32-4B65-B775-59B36A8A6445}.Release|x86.Build.0 = Release|Win32
		{0245CF58-0F32-4B65-B775-59B36A8A6445}.Release|x86.Deploy.0 = Release|Win32
		{5A261238-81F4-4C96-8CA5-03087E1A3BF5}.Debug|ARM.ActiveCfg = Debug|Win32
		{5A261238-81F4-4C96-8CA5-03087E1A3BF5}.Debug|x64.ActiveCfg = Debug|x64
		{5A261238-81F4-4C96-8CA5-03087E1A3BF5}.Debug|x64.Build.0 = Debug|x64
		{5A261238-81F4-4C96-8CA5-03087E1A3BF5}.Debug|x86.ActiveCfg = Debug|Win32
		{5A261238-81F4-4C96-8CA5-03087E1A3BF5}.Debug|x86.Build.0 = Debug|Win32
		{5A261238-81F4-4C96-8CA5-03087E1A3BF5}.Release|ARM.ActiveCfg = Release|Win32
		{5A261238-81F4-4C96-8CA5-03087E1A3BF5}.Release|x64.ActiveCfg = Release|x64
		{5A261238-81F4-4C96-8CA5-03087E1A3BF5}.Release|x64.Build.0 = Release|x64
		{5A261238-81F4-4C96-8CA5-03087E1A3BF5}.Release|x86.ActiveCfg = Release|Win32
		{5A261238-81F4-4C96-8CA5-03087E1A3BF5}.Release|x86.Build.0 = Release|Win32
		{199F169E-B3D9-4C3B-9869-522BC1A0A82B}.Debug|ARM.ActiveCfg = Debug|Win32
		{199F169E-B3D9-4C3B-9869-522BC1A0A82B}.Debug|x64.ActiveCfg = Debug|x64
		{199F169E-B3D9-4C3B-9869-522BC1A0A82B}.Debug|x64.Build.0 = Debug|x64
		{199F169E-B3D9-4C3B-9869-522BC1A0A82B}.Debug|x86.ActiveCfg = Debug|Win32
		{199F169E-B3D9-4C3B-9869-522BC1A0A82B}.Debug|x86.Build.0 = Debug|Win32
		{199F169E-B3D9-4C3B-9869-522BC1A0A82B}.Release|ARM.ActiveCfg = Release|Win32
		{199F169E-B3D9-4C3B-9869-522BC1A0A82B}.Release|x64.ActiveCfg = Release|x64
		{199F169E-B3D9-4C3B-9869-522BC1A0A82B}.Release|x64.Build.0 = Release|x64
		{199F169E-B3D9-4C3B-9869-522BC1A0A82B}.Release|x86.ActiveCfg = Release|Win32
		{199F169E-B3D9-4C3B-9869-522BC1A0A82B}.Release|x86.Build.0 = Release|Win32
		{4A1B1B40-24E6-48D1-9E49-285861830FC8}.Debug|ARM.ActiveCfg = Debug|Win32
		{4A1B1B40-24E6-48D1-9E49-285861830FC8}.Debug|x64.ActiveCfg = Debug|x64
		{4A1B1B40-24E6-48D1-9E49-285861830FC8}.Debug|x64.Build.0 = Debug|x64
		{4A1B1B40-24E6-48D1-9E49-285861830FC8}.Debug|x86.ActiveCfg = Debug|Win32
		{4A1B1B40-24E6-48D1-9E49-285861830FC8}.Debug|x86.Build.0 = Debug|Win32
		{4A1B1B40-24E6-48D1-9E49-285861830FC8}.Release|ARM.ActiveCfg = Release|Win32
		{4A1B1B40-24E6-48D1-9E49-285861830FC8}.Release|x64.ActiveCfg = Release|x64
		{4A1B1B40-24E6-48D1-9E49-285861830FC8}.Release|x64.Build.0 = Release|x64
		{4A1B1B40-24E6-48D1-9E49-285861830FC8}.Release|x86.ActiveCfg = Release|Win32
		{4A1B1B40-24E6-48D1-9E49-285861830FC8}.Release|x86.Build.0 = Release|Win32
		{D97BE7E7-BA27-4412-8D8B-D19D378AA0FE}.Debug|ARM.ActiveCfg = Debug|Win32
		{D97BE7E7-BA27-4412-8D8B-D19D378AA0FE}.Debug|x64.ActiveCfg = Debug|x64
		{D97BE7E7-BA27-4412-8D8B-D19D378AA0FE}.Debug|x64.Build.0 = Debug|x64
		{D97BE7E7-BA27-4412-8D8B-D19D378AA0FE}.Debug|x86.ActiveCfg = Debug|Win32
		{D97BE7E7-BA27-4412-8D8B-D19D378AA0FE}.Debug|x86.Build.0 = Debug|Win32
		{D97BE7E7-BA27-4412-8D8B-D19D378AA0FE}.Release|ARM.ActiveCfg = Release|Win32
		{D97BE7E7-BA27-4412-8D8B-D19D378AA0FE}.Release|x64.ActiveCfg = Release|x64
		{D97BE7E7-BA27-4412-8D8B-D19D378AA0FE}.Release|x64.Build.0 = Release|x64
		{D97BE7E7-BA27-4412-8D8B-D19D378AA0FE}.Release|x86.ActiveCfg = Release|Win32
		{D97BE7E7-BA27-4412-8D8B-D19D378AA0FE}.Release|x86.Build.0 = Release|Win32
		{7812BA6B-9BA9-43AA-9BFC-106C91A702E1}.Debug|ARM.ActiveCfg = Debug|Win32
		{7812BA6B-9BA9-43AA-9BFC-106C91A702E1}.Debug|x64.ActiveCfg = Debug|x64
		{7812BA6B-9BA9-43AA-9BFC-106C91A702E1}.Debug|x64.Build.0 = Debug|x64
		{7812BA6B-9BA9-43AA-9BFC-106C91A702E1}.Debug|x86.ActiveCfg = Debug|Win32
		{7812BA6B-9BA9-43AA-9BFC-106C91A702E1}.Debug|x86.Build.0 = Debug|Win32
		{7812BA6B-9BA9-43AA-9BFC-106C91A702E1}.Release|ARM.ActiveCfg = Release|Win32
		{7812BA6B-9BA9-43AA-9BFC-106C91A702E1}.Release|x64.ActiveCfg = Release|x64
		{7812BA6B-9BA9-43AA-9BFC-106C91A702E1}.Release|x64.Build.0 = Release|x64
		{7812BA6B-9BA9-43AA-9BFC-106C91A702E1}.Release|x86.ActiveCfg = Release|Win32
		{7812BA6B-9BA9-43AA-9BFC-106C91A702E1}.Release|x86.Build.0 = Release|Win32
		{72A69057-1D61-4647-B2D9-A422A4BA2DE8}.Debug|ARM.ActiveCfg = Debug|Win32
		{72A69057-1D61-4647-B2D9-A422A4BA2DE8}.Debug|x64.ActiveCfg = Debug|x64
		{72A69057-1D61-4647-B2D9-A422A4BA2DE8}.Debug|x64.Build.0 = Debug|x64
		{72A69057-1D61-4647-B2D9-A422A4BA2DE8}.Debug|x86.ActiveCfg = Debug|Win32
		{72A69057-1D61-4647-B2D9-A422A4BA2DE8}.Debug|x86.Build.0 = Debug|Win32
		{72A69057-1D61-4647-B2D9-A422A4BA2DE8}.Release|ARM.ActiveCfg = Release|Win32
		{72A69057-1D61-4647-B2D9-A422A4BA2DE8}.Release|x64.ActiveCfg = Release|x64
		{72A69057-1D61-4647-B2D9-A422A4BA2DE8}.Release|x64.Build.0 = Release|x64
		{72A69057-1D61-4647-B2D9-A422A4BA2DE8}.Release|x86.ActiveCfg = Release|Win32
		{72A69057-1D61-4647-B2D9-A422A4BA2DE8}.Release|x86.Build.0 = Release|Win32
	EndGlobalSection
	GlobalSection(SolutionProperties) = preSolution
		HideSolutionNode = FALSE
	EndGlobalSection
EndGlobal
