<?xml version="1.0" encoding="utf-8"?>
<Project ToolsVersion="4.0" xmlns="http://schemas.microsoft.com/developer/msbuild/2003">
  <ItemGroup>
    <ClCompile Include="geoRtdb.cpp">
      <Filter>源文件</Filter>
    </ClCompile>
    <ClCompile Include="geoTagEvent.cpp">
      <Filter>源文件</Filter>
    </ClCompile>
    <ClCompile Include="geoTagMap.cpp">
      <Filter>源文件</Filter>
    </ClCompile>
    <ClCompile Include="geoTagTree.cpp">
      <Filter>源文件</Filter>
    </ClCompile>
    <ClCompile Include="geoTagValue.cpp">
      <Filter>源文件</Filter>
    </ClCompile>
    <ClCompile Include="geoTagVector.cpp">
      <Filter>源文件</Filter>
    </ClCompile>
    <ClCompile Include="geoTagView.cpp">
      <Filter>源文件</Filter>
    </ClCompile>
    <ClCompile Include="preCompile.cpp">
      <Filter>源文件</Filter>
    </ClCompile>
    <ClCompile Include="geoTagExProp.cpp">
      <Filter>源文件</Filter>
    </ClCompile>
    <ClCompile Include="geoTagBaseProp.cpp">
      <Filter>源文件</Filter>
    </ClCompile>
    <ClCompile Include="geoTag.cpp">
      <Filter>源文件</Filter>
    </ClCompile>
  </ItemGroup>
  <ItemGroup>
    <ClInclude Include="geoRTDBMacro.h">
      <Filter>头文件</Filter>
    </ClInclude>
    <ClInclude Include="geoTagMap.h">
      <Filter>头文件</Filter>
    </ClInclude>
    <ClInclude Include="geoTagValue.h">
      <Filter>头文件</Filter>
    </ClInclude>
    <ClInclude Include="geoTagVector.h">
      <Filter>头文件</Filter>
    </ClInclude>
    <ClInclude Include="geoTagView.h">
      <Filter>头文件</Filter>
    </ClInclude>
    <ClInclude Include="preCompile.h">
      <Filter>头文件</Filter>
    </ClInclude>
    <ClInclude Include="geoTagExProp.h">
      <Filter>头文件</Filter>
    </ClInclude>
    <ClInclude Include="geoTagBaseProp.h">
      <Filter>头文件</Filter>
    </ClInclude>
    <ClInclude Include="geoTag.h">
      <Filter>头文件</Filter>
    </ClInclude>
  </ItemGroup>
  <ItemGroup>
    <Filter Include="头文件">
      <UniqueIdentifier>{7b1915d6-a639-42ba-8752-0c06c13d1566}</UniqueIdentifier>
      <Extensions>h;hh;hpp;hxx;hm;inl;inc;xsd</Extensions>
    </Filter>
    <Filter Include="源文件">
      <UniqueIdentifier>{90859529-a7cb-40a2-9b7b-68138ed553b6}</UniqueIdentifier>
      <Extensions>cpp;c;cc;cxx;def;odl;idl;hpj;bat;asm;asmx</Extensions>
    </Filter>
  </ItemGroup>
</Project>